
Microsoft Visual Studio Solution File, Format Version 12.00
# Visual Studio Version 17
VisualStudioVersion = 17.6.33815.320
MinimumVisualStudioVersion = 10.0.40219.1
Project("{FAE04EC0-301F-11D3-BF4B-00C04F79EFBC}") = "ElasticSearchQueryBuilder", "ElasticSearchQueryBuilder\ElasticSearchQueryBuilder.csproj", "{B04F1DBC-82CA-44F3-9415-64722E771929}"
EndProject
Global
	GlobalSection(SolutionConfigurationPlatforms) = preSolution
		Debug|Any CPU = Debug|Any CPU
		Release|Any CPU = Release|Any CPU
	EndGlobalSection
	GlobalSection(ProjectConfigurationPlatforms) = postSolution
		{B04F1DBC-82CA-44F3-9415-64722E771929}.Debug|Any CPU.ActiveCfg = Debug|Any CPU
		{B04F1DBC-82CA-44F3-9415-64722E771929}.Debug|Any CPU.Build.0 = Debug|Any CPU
		{B04F1DBC-82CA-44F3-9415-64722E771929}.Release|Any CPU.ActiveCfg = Release|Any CPU
		{B04F1DBC-82CA-44F3-9415-64722E771929}.Release|Any CPU.Build.0 = Release|Any CPU
	EndGlobalSection
	GlobalSection(SolutionProperties) = preSolution
		HideSolutionNode = FALSE
	EndGlobalSection
	GlobalSection(ExtensibilityGlobals) = postSolution
		SolutionGuid = {8E4D36C8-E819-4A9A-9C0B-9B1AD2220481}
	EndGlobalSection
EndGlobal
